// !$*UTF8*$!
{
	archiveVersion = 1;
	classes = {
	};
	objectVersion = 56;
	objects = {

/* Begin PBXBuildFile section */
		D85B6E002C3D1887004C90F3 /* AppDelegate.swift in Sources */ = {isa = PBXBuildFile; fileRef = D85B6DFF2C3D1887004C90F3 /* AppDelegate.swift */; };
		D85B6E022C3D1887004C90F3 /* SceneDelegate.swift in Sources */ = {isa = PBXBuildFile; fileRef = D85B6E012C3D1887004C90F3 /* SceneDelegate.swift */; };
		D85B6E042C3D1887004C90F3 /* ViewController.swift in Sources */ = {isa = PBXBuildFile; fileRef = D85B6E032C3D1887004C90F3 /* ViewController.swift */; };
		D85B6E072C3D1887004C90F3 /* Base in Resources */ = {isa = PBXBuildFile; fileRef = D85B6E062C3D1887004C90F3 /* Base */; };
		D85B6E092C3D1888004C90F3 /* Assets.xcassets in Resources */ = {isa = PBXBuildFile; fileRef = D85B6E082C3D1888004C90F3 /* Assets.xcassets */; };
		D85B6E0C2C3D1888004C90F3 /* Base in Resources */ = {isa = PBXBuildFile; fileRef = D85B6E0B2C3D1888004C90F3 /* Base */; };
		D85B6E172C3D18DB004C90F3 /* NicknameViewController.swift in Sources */ = {isa = PBXBuildFile; fileRef = D85B6E162C3D18DB004C90F3 /* NicknameViewController.swift */; };
		D85B6E1B2C3D1902004C90F3 /* NicknameViewModel.swift in Sources */ = {isa = PBXBuildFile; fileRef = D85B6E1A2C3D1902004C90F3 /* NicknameViewModel.swift */; };
		D85B6E1E2C3D1925004C90F3 /* SnapKit in Frameworks */ = {isa = PBXBuildFile; productRef = D85B6E1D2C3D1925004C90F3 /* SnapKit */; };
		D85B6E202C3D1FDE004C90F3 /* Observable.swift in Sources */ = {isa = PBXBuildFile; fileRef = D85B6E1F2C3D1FDE004C90F3 /* Observable.swift */; };
		D85B6E232C3D285A004C90F3 /* NameViewController.swift in Sources */ = {isa = PBXBuildFile; fileRef = D85B6E222C3D285A004C90F3 /* NameViewController.swift */; };
		D85B6E252C3D2871004C90F3 /* NameViewModel.swift in Sources */ = {isa = PBXBuildFile; fileRef = D85B6E242C3D2871004C90F3 /* NameViewModel.swift */; };
/* End PBXBuildFile section */

/* Begin PBXFileReference section */
		D85B6DFC2C3D1887004C90F3 /* MMVMproject.app */ = {isa = PBXFileReference; explicitFileType = wrapper.application; includeInIndex = 0; path = MMVMproject.app; sourceTree = BUILT_PRODUCTS_DIR; };
		D85B6DFF2C3D1887004C90F3 /* AppDelegate.swift */ = {isa = PBXFileReference; lastKnownFileType = sourcecode.swift; path = AppDelegate.swift; sourceTree = "<group>"; };
		D85B6E012C3D1887004C90F3 /* SceneDelegate.swift */ = {isa = PBXFileReference; lastKnownFileType = sourcecode.swift; path = SceneDelegate.swift; sourceTree = "<group>"; };
		D85B6E032C3D1887004C90F3 /* ViewController.swift */ = {isa = PBXFileReference; lastKnownFileType = sourcecode.swift; path = ViewController.swift; sourceTree = "<group>"; };
		D85B6E062C3D1887004C90F3 /* Base */ = {isa = PBXFileReference; lastKnownFileType = file.storyboard; name = Base; path = Base.lproj/Main.storyboard; sourceTree = "<group>"; };
		D85B6E082C3D1888004C90F3 /* Assets.xcassets */ = {isa = PBXFileReference; lastKnownFileType = folder.assetcatalog; path = Assets.xcassets; sourceTree = "<group>"; };
		D85B6E0B2C3D1888004C90F3 /* Base */ = {isa = PBXFileReference; lastKnownFileType = file.storyboard; name = Base; path = Base.lproj/LaunchScreen.storyboard; sourceTree = "<group>"; };
		D85B6E0D2C3D1888004C90F3 /* Info.plist */ = {isa = PBXFileReference; lastKnownFileType = text.plist.xml; path = Info.plist; sourceTree = "<group>"; };
		D85B6E162C3D18DB004C90F3 /* NicknameViewController.swift */ = {isa = PBXFileReference; lastKnownFileType = sourcecode.swift; path = NicknameViewController.swift; sourceTree = "<group>"; };
		D85B6E1A2C3D1902004C90F3 /* NicknameViewModel.swift */ = {isa = PBXFileReference; lastKnownFileType = sourcecode.swift; path = NicknameViewModel.swift; sourceTree = "<group>"; };
		D85B6E1F2C3D1FDE004C90F3 /* Observable.swift */ = {isa = PBXFileReference; lastKnownFileType = sourcecode.swift; path = Observable.swift; sourceTree = "<group>"; };
		D85B6E222C3D285A004C90F3 /* NameViewController.swift */ = {isa = PBXFileReference; lastKnownFileType = sourcecode.swift; path = NameViewController.swift; sourceTree = "<group>"; };
		D85B6E242C3D2871004C90F3 /* NameViewModel.swift */ = {isa = PBXFileReference; lastKnownFileType = sourcecode.swift; path = NameViewModel.swift; sourceTree = "<group>"; };
/* End PBXFileReference section */

/* Begin PBXFrameworksBuildPhase section */
		D85B6DF92C3D1887004C90F3 /* Frameworks */ = {
			isa = PBXFrameworksBuildPhase;
			buildActionMask = 2147483647;
			files = (
				D85B6E1E2C3D1925004C90F3 /* SnapKit in Frameworks */,
			);
			runOnlyForDeploymentPostprocessing = 0;
		};
/* End PBXFrameworksBuildPhase section */

/* Begin PBXGroup section */
		D85B6DF32C3D1887004C90F3 = {
			isa = PBXGroup;
			children = (
				D85B6DFE2C3D1887004C90F3 /* MMVMproject */,
				D85B6DFD2C3D1887004C90F3 /* Products */,
			);
			sourceTree = "<group>";
		};
		D85B6DFD2C3D1887004C90F3 /* Products */ = {
			isa = PBXGroup;
			children = (
				D85B6DFC2C3D1887004C90F3 /* MMVMproject.app */,
			);
			name = Products;
			sourceTree = "<group>";
		};
		D85B6DFE2C3D1887004C90F3 /* MMVMproject */ = {
			isa = PBXGroup;
			children = (
				D85B6E1F2C3D1FDE004C90F3 /* Observable.swift */,
				D85B6E212C3D2842004C90F3 /* Name */,
				D85B6E152C3D18CA004C90F3 /* Nickname */,
				D85B6DFF2C3D1887004C90F3 /* AppDelegate.swift */,
				D85B6E012C3D1887004C90F3 /* SceneDelegate.swift */,
				D85B6E032C3D1887004C90F3 /* ViewController.swift */,
				D85B6E052C3D1887004C90F3 /* Main.storyboard */,
				D85B6E082C3D1888004C90F3 /* Assets.xcassets */,
				D85B6E0A2C3D1888004C90F3 /* LaunchScreen.storyboard */,
				D85B6E0D2C3D1888004C90F3 /* Info.plist */,
			);
			path = MMVMproject;
			sourceTree = "<group>";
		};
		D85B6E152C3D18CA004C90F3 /* Nickname */ = {
			isa = PBXGroup;
			children = (
				D85B6E162C3D18DB004C90F3 /* NicknameViewController.swift */,
				D85B6E1A2C3D1902004C90F3 /* NicknameViewModel.swift */,
			);
			path = Nickname;
			sourceTree = "<group>";
		};
		D85B6E212C3D2842004C90F3 /* Name */ = {
			isa = PBXGroup;
			children = (
				D85B6E222C3D285A004C90F3 /* NameViewController.swift */,
				D85B6E242C3D2871004C90F3 /* NameViewModel.swift */,
			);
			path = Name;
			sourceTree = "<group>";
		};
/* End PBXGroup section */

/* Begin PBXNativeTarget section */
		D85B6DFB2C3D1887004C90F3 /* MMVMproject */ = {
			isa = PBXNativeTarget;
			buildConfigurationList = D85B6E102C3D1888004C90F3 /* Build configuration list for PBXNativeTarget "MMVMproject" */;
			buildPhases = (
				D85B6DF82C3D1887004C90F3 /* Sources */,
				D85B6DF92C3D1887004C90F3 /* Frameworks */,
				D85B6DFA2C3D1887004C90F3 /* Resources */,
			);
			buildRules = (
			);
			dependencies = (
			);
			name = MMVMproject;
			packageProductDependencies = (
				D85B6E1D2C3D1925004C90F3 /* SnapKit */,
			);
			productName = MMVMproject;
			productReference = D85B6DFC2C3D1887004C90F3 /* MMVMproject.app */;
			productType = "com.apple.product-type.application";
		};
/* End PBXNativeTarget section */

/* Begin PBXProject section */
		D85B6DF42C3D1887004C90F3 /* Project object */ = {
			isa = PBXProject;
			attributes = {
				BuildIndependentTargetsInParallel = 1;
				LastSwiftUpdateCheck = 1540;
				LastUpgradeCheck = 1540;
				TargetAttributes = {
					D85B6DFB2C3D1887004C90F3 = {
						CreatedOnToolsVersion = 15.4;
					};
				};
			};
			buildConfigurationList = D85B6DF72C3D1887004C90F3 /* Build configuration list for PBXProject "MMVMproject" */;
			compatibilityVersion = "Xcode 14.0";
			developmentRegion = en;
			hasScannedForEncodings = 0;
			knownRegions = (
				en,
				Base,
			);
			mainGroup = D85B6DF32C3D1887004C90F3;
			packageReferences = (
				D85B6E1C2C3D1925004C90F3 /* XCRemoteSwiftPackageReference "SnapKit" */,
			);
			productRefGroup = D85B6DFD2C3D1887004C90F3 /* Products */;
			projectDirPath = "";
			projectRoot = "";
			targets = (
				D85B6DFB2C3D1887004C90F3 /* MMVMproject */,
			);
		};
/* End PBXProject section */

/* Begin PBXResourcesBuildPhase section */
		D85B6DFA2C3D1887004C90F3 /* Resources */ = {
			isa = PBXResourcesBuildPhase;
			buildActionMask = 2147483647;
			files = (
				D85B6E092C3D1888004C90F3 /* Assets.xcassets in Resources */,
				D85B6E0C2C3D1888004C90F3 /* Base in Resources */,
				D85B6E072C3D1887004C90F3 /* Base in Resources */,
			);
			runOnlyForDeploymentPostprocessing = 0;
		};
/* End PBXResourcesBuildPhase section */

/* Begin PBXSourcesBuildPhase section */
		D85B6DF82C3D1887004C90F3 /* Sources */ = {
			isa = PBXSourcesBuildPhase;
			buildActionMask = 2147483647;
			files = (
				D85B6E172C3D18DB004C90F3 /* NicknameViewController.swift in Sources */,
				D85B6E042C3D1887004C90F3 /* ViewController.swift in Sources */,
				D85B6E232C3D285A004C90F3 /* NameViewController.swift in Sources */,
				D85B6E252C3D2871004C90F3 /* NameViewModel.swift in Sources */,
				D85B6E1B2C3D1902004C90F3 /* NicknameViewModel.swift in Sources */,
				D85B6E002C3D1887004C90F3 /* AppDelegate.swift in Sources */,
				D85B6E202C3D1FDE004C90F3 /* Observable.swift in Sources */,
				D85B6E022C3D1887004C90F3 /* SceneDelegate.swift in Sources */,
			);
			runOnlyForDeploymentPostprocessing = 0;
		};
/* End PBXSourcesBuildPhase section */

/* Begin PBXVariantGroup section */
		D85B6E052C3D1887004C90F3 /* Main.storyboard */ = {
			isa = PBXVariantGroup;
			children = (
				D85B6E062C3D1887004C90F3 /* Base */,
			);
			name = Main.storyboard;
			sourceTree = "<group>";
		};
		D85B6E0A2C3D1888004C90F3 /* LaunchScreen.storyboard */ = {
			isa = PBXVariantGroup;
			children = (
				D85B6E0B2C3D1888004C90F3 /* Base */,
			);
			name = LaunchScreen.storyboard;
			sourceTree = "<group>";
		};
/* End PBXVariantGroup section */

/* Begin XCBuildConfiguration section */
		D85B6E0E2C3D1888004C90F3 /* Debug */ = {
			isa = XCBuildConfiguration;
			buildSettings = {
				ALWAYS_SEARCH_USER_PATHS = NO;
				ASSETCATALOG_COMPILER_GENERATE_SWIFT_ASSET_SYMBOL_EXTENSIONS = YES;
				CLANG_ANALYZER_NONNULL = YES;
				CLANG_ANALYZER_NUMBER_OBJECT_CONVERSION = YES_AGGRESSIVE;
				CLANG_CXX_LANGUAGE_STANDARD = "gnu++20";
				CLANG_ENABLE_MODULES = YES;
				CLANG_ENABLE_OBJC_ARC = YES;
				CLANG_ENABLE_OBJC_WEAK = YES;
				CLANG_WARN_BLOCK_CAPTURE_AUTORELEASING = YES;
				CLANG_WARN_BOOL_CONVERSION = YES;
				CLANG_WARN_COMMA = YES;
				CLANG_WARN_CONSTANT_CONVERSION = YES;
				CLANG_WARN_DEPRECATED_OBJC_IMPLEMENTATIONS = YES;
				CLANG_WARN_DIRECT_OBJC_ISA_USAGE = YES_ERROR;
				CLANG_WARN_DOCUMENTATION_COMMENTS = YES;
				CLANG_WARN_EMPTY_BODY = YES;
				CLANG_WARN_ENUM_CONVERSION = YES;
				CLANG_WARN_INFINITE_RECURSION = YES;
				CLANG_WARN_INT_CONVERSION = YES;
				CLANG_WARN_NON_LITERAL_NULL_CONVERSION = YES;
				CLANG_WARN_OBJC_IMPLICIT_RETAIN_SELF = YES;
				CLANG_WARN_OBJC_LITERAL_CONVERSION = YES;
				CLANG_WARN_OBJC_ROOT_CLASS = YES_ERROR;
				CLANG_WARN_QUOTED_INCLUDE_IN_FRAMEWORK_HEADER = YES;
				CLANG_WARN_RANGE_LOOP_ANALYSIS = YES;
				CLANG_WARN_STRICT_PROTOTYPES = YES;
				CLANG_WARN_SUSPICIOUS_MOVE = YES;
				CLANG_WARN_UNGUARDED_AVAILABILITY = YES_AGGRESSIVE;
				CLANG_WARN_UNREACHABLE_CODE = YES;
				CLANG_WARN__DUPLICATE_METHOD_MATCH = YES;
				COPY_PHASE_STRIP = NO;
				DEBUG_INFORMATION_FORMAT = dwarf;
				ENABLE_STRICT_OBJC_MSGSEND = YES;
				ENABLE_TESTABILITY = YES;
				ENABLE_USER_SCRIPT_SANDBOXING = YES;
				GCC_C_LANGUAGE_STANDARD = gnu17;
				GCC_DYNAMIC_NO_PIC = NO;
				GCC_NO_COMMON_BLOCKS = YES;
				GCC_OPTIMIZATION_LEVEL = 0;
				GCC_PREPROCESSOR_DEFINITIONS = (
					"DEBUG=1",
					"$(inherited)",
				);
				GCC_WARN_64_TO_32_BIT_CONVERSION = YES;
				GCC_WARN_ABOUT_RETURN_TYPE = YES_ERROR;
				GCC_WARN_UNDECLARED_SELECTOR = YES;
				GCC_WARN_UNINITIALIZED_AUTOS = YES_AGGRESSIVE;
				GCC_WARN_UNUSED_FUNCTION = YES;
				GCC_WARN_UNUSED_VARIABLE = YES;
				IPHONEOS_DEPLOYMENT_TARGET = 17.5;
				LOCALIZATION_PREFERS_STRING_CATALOGS = YES;
				MTL_ENABLE_DEBUG_INFO = INCLUDE_SOURCE;
				MTL_FAST_MATH = YES;
				ONLY_ACTIVE_ARCH = YES;
				SDKROOT = iphoneos;
				SWIFT_ACTIVE_COMPILATION_CONDITIONS = "DEBUG $(inherited)";
				SWIFT_OPTIMIZATION_LEVEL = "-Onone";
			};
			name = Debug;
		};
		D85B6E0F2C3D1888004C90F3 /* Release */ = {
			isa = XCBuildConfiguration;
			buildSettings = {
				ALWAYS_SEARCH_USER_PATHS = NO;
				ASSETCATALOG_COMPILER_GENERATE_SWIFT_ASSET_SYMBOL_EXTENSIONS = YES;
				CLANG_ANALYZER_NONNULL = YES;
				CLANG_ANALYZER_NUMBER_OBJECT_CONVERSION = YES_AGGRESSIVE;
				CLANG_CXX_LANGUAGE_STANDARD = "gnu++20";
				CLANG_ENABLE_MODULES = YES;
				CLANG_ENABLE_OBJC_ARC = YES;
				CLANG_ENABLE_OBJC_WEAK = YES;
				CLANG_WARN_BLOCK_CAPTURE_AUTORELEASING = YES;
				CLANG_WARN_BOOL_CONVERSION = YES;
				CLANG_WARN_COMMA = YES;
				CLANG_WARN_CONSTANT_CONVERSION = YES;
				CLANG_WARN_DEPRECATED_OBJC_IMPLEMENTATIONS = YES;
				CLANG_WARN_DIRECT_OBJC_ISA_USAGE = YES_ERROR;
				CLANG_WARN_DOCUMENTATION_COMMENTS = YES;
				CLANG_WARN_EMPTY_BODY = YES;
				CLANG_WARN_ENUM_CONVERSION = YES;
				CLANG_WARN_INFINITE_RECURSION = YES;
				CLANG_WARN_INT_CONVERSION = YES;
				CLANG_WARN_NON_LITERAL_NULL_CONVERSION = YES;
				CLANG_WARN_OBJC_IMPLICIT_RETAIN_SELF = YES;
				CLANG_WARN_OBJC_LITERAL_CONVERSION = YES;
				CLANG_WARN_OBJC_ROOT_CLASS = YES_ERROR;
				CLANG_WARN_QUOTED_INCLUDE_IN_FRAMEWORK_HEADER = YES;
				CLANG_WARN_RANGE_LOOP_ANALYSIS = YES;
				CLANG_WARN_STRICT_PROTOTYPES = YES;
				CLANG_WARN_SUSPICIOUS_MOVE = YES;
				CLANG_WARN_UNGUARDED_AVAILABILITY = YES_AGGRESSIVE;
				CLANG_WARN_UNREACHABLE_CODE = YES;
				CLANG_WARN__DUPLICATE_METHOD_MATCH = YES;
				COPY_PHASE_STRIP = NO;
				DEBUG_INFORMATION_FORMAT = "dwarf-with-dsym";
				ENABLE_NS_ASSERTIONS = NO;
				ENABLE_STRICT_OBJC_MSGSEND = YES;
				ENABLE_USER_SCRIPT_SANDBOXING = YES;
				GCC_C_LANGUAGE_STANDARD = gnu17;
				GCC_NO_COMMON_BLOCKS = YES;
				GCC_WARN_64_TO_32_BIT_CONVERSION = YES;
				GCC_WARN_ABOUT_RETURN_TYPE = YES_ERROR;
				GCC_WARN_UNDECLARED_SELECTOR = YES;
				GCC_WARN_UNINITIALIZED_AUTOS = YES_AGGRESSIVE;
				GCC_WARN_UNUSED_FUNCTION = YES;
				GCC_WARN_UNUSED_VARIABLE = YES;
				IPHONEOS_DEPLOYMENT_TARGET = 17.5;
				LOCALIZATION_PREFERS_STRING_CATALOGS = YES;
				MTL_ENABLE_DEBUG_INFO = NO;
				MTL_FAST_MATH = YES;
				SDKROOT = iphoneos;
				SWIFT_COMPILATION_MODE = wholemodule;
				VALIDATE_PRODUCT = YES;
			};
			name = Release;
		};
		D85B6E112C3D1888004C90F3 /* Debug */ = {
			isa = XCBuildConfiguration;
			buildSettings = {
				ASSETCATALOG_COMPILER_APPICON_NAME = AppIcon;
				ASSETCATALOG_COMPILER_GLOBAL_ACCENT_COLOR_NAME = AccentColor;
				CODE_SIGN_STYLE = Automatic;
				CURRENT_PROJECT_VERSION = 1;
				DEVELOPMENT_TEAM = 94C5KLWYKG;
				GENERATE_INFOPLIST_FILE = YES;
				INFOPLIST_FILE = MMVMproject/Info.plist;
				INFOPLIST_KEY_UIApplicationSupportsIndirectInputEvents = YES;
				INFOPLIST_KEY_UILaunchStoryboardName = LaunchScreen;
				INFOPLIST_KEY_UIMainStoryboardFile = Main;
				INFOPLIST_KEY_UISupportedInterfaceOrientations = UIInterfaceOrientationPortrait;
				INFOPLIST_KEY_UISupportedInterfaceOrientations_iPad = "UIInterfaceOrientationLandscapeLeft UIInterfaceOrientationLandscapeRight UIInterfaceOrientationPortrait UIInterfaceOrientationPortraitUpsideDown";
				IPHONEOS_DEPLOYMENT_TARGET = 17.0;
				LD_RUNPATH_SEARCH_PATHS = (
					"$(inherited)",
					"@executable_path/Frameworks",
				);
				MARKETING_VERSION = 1.0;
				PRODUCT_BUNDLE_IDENTIFIER = com.sesac.MMVMproject;
				PRODUCT_NAME = "$(TARGET_NAME)";
				SUPPORTED_PLATFORMS = "iphoneos iphonesimulator";
				SUPPORTS_MACCATALYST = NO;
				SUPPORTS_MAC_DESIGNED_FOR_IPHONE_IPAD = NO;
				SUPPORTS_XR_DESIGNED_FOR_IPHONE_IPAD = NO;
				SWIFT_EMIT_LOC_STRINGS = YES;
				SWIFT_VERSION = 5.0;
				TARGETED_DEVICE_FAMILY = 1;
			};
			name = Debug;
		};
		D85B6E122C3D1888004C90F3 /* Release */ = {
			isa = XCBuildConfiguration;
			buildSettings = {
				ASSETCATALOG_COMPILER_APPICON_NAME = AppIcon;
				ASSETCATALOG_COMPILER_GLOBAL_ACCENT_COLOR_NAME = AccentColor;
				CODE_SIGN_STYLE = Automatic;
				CURRENT_PROJECT_VERSION = 1;
				DEVELOPMENT_TEAM = 94C5KLWYKG;
				GENERATE_INFOPLIST_FILE = YES;
				INFOPLIST_FILE = MMVMproject/Info.plist;
				INFOPLIST_KEY_UIApplicationSupportsIndirectInputEvents = YES;
				INFOPLIST_KEY_UILaunchStoryboardName = LaunchScreen;
				INFOPLIST_KEY_UIMainStoryboardFile = Main;
				INFOPLIST_KEY_UISupportedInterfaceOrientations = UIInterfaceOrientationPortrait;
				INFOPLIST_KEY_UISupportedInterfaceOrientations_iPad = "UIInterfaceOrientationLandscapeLeft UIInterfaceOrientationLandscapeRight UIInterfaceOrientationPortrait UIInterfaceOrientationPortraitUpsideDown";
				IPHONEOS_DEPLOYMENT_TARGET = 17.0;
				LD_RUNPATH_SEARCH_PATHS = (
					"$(inherited)",
					"@executable_path/Frameworks",
				);
				MARKETING_VERSION = 1.0;
				PRODUCT_BUNDLE_IDENTIFIER = com.sesac.MMVMproject;
				PRODUCT_NAME = "$(TARGET_NAME)";
				SUPPORTED_PLATFORMS = "iphoneos iphonesimulator";
				SUPPORTS_MACCATALYST = NO;
				SUPPORTS_MAC_DESIGNED_FOR_IPHONE_IPAD = NO;
				SUPPORTS_XR_DESIGNED_FOR_IPHONE_IPAD = NO;
				SWIFT_EMIT_LOC_STRINGS = YES;
				SWIFT_VERSION = 5.0;
				TARGETED_DEVICE_FAMILY = 1;
			};
			name = Release;
		};
/* End XCBuildConfiguration section */

/* Begin XCConfigurationList section */
		D85B6DF72C3D1887004C90F3 /* Build configuration list for PBXProject "MMVMproject" */ = {
			isa = XCConfigurationList;
			buildConfigurations = (
				D85B6E0E2C3D1888004C90F3 /* Debug */,
				D85B6E0F2C3D1888004C90F3 /* Release */,
			);
			defaultConfigurationIsVisible = 0;
			defaultConfigurationName = Release;
		};
		D85B6E102C3D1888004C90F3 /* Build configuration list for PBXNativeTarget "MMVMproject" */ = {
			isa = XCConfigurationList;
			buildConfigurations = (
				D85B6E112C3D1888004C90F3 /* Debug */,
				D85B6E122C3D1888004C90F3 /* Release */,
			);
			defaultConfigurationIsVisible = 0;
			defaultConfigurationName = Release;
		};
/* End XCConfigurationList section */

/* Begin XCRemoteSwiftPackageReference section */
		D85B6E1C2C3D1925004C90F3 /* XCRemoteSwiftPackageReference "SnapKit" */ = {
			isa = XCRemoteSwiftPackageReference;
			repositoryURL = "https://github.com/SnapKit/SnapKit.git";
			requirement = {
				kind = upToNextMajorVersion;
				minimumVersion = 5.7.1;
			};
		};
/* End XCRemoteSwiftPackageReference section */

/* Begin XCSwiftPackageProductDependency section */
		D85B6E1D2C3D1925004C90F3 /* SnapKit */ = {
			isa = XCSwiftPackageProductDependency;
			package = D85B6E1C2C3D1925004C90F3 /* XCRemoteSwiftPackageReference "SnapKit" */;
			productName = SnapKit;
		};
/* End XCSwiftPackageProductDependency section */
	};
	rootObject = D85B6DF42C3D1887004C90F3 /* Project object */;
}
